
Microsoft Visual Studio Solution File, Format Version 12.00
# Visual Studio Version 17
VisualStudioVersion = 17.2.32602.215
MinimumVisualStudioVersion = 10.0.40219.1
Project("{FAE04EC0-301F-11D3-BF4B-00C04F79EFBC}") = "CalculadoraTabajara2.ConsoleApp", "CalculadoraTabajara2.ConsoleApp\CalculadoraTabajara2.ConsoleApp.csproj", "{EC446838-1D93-436C-9190-4EE5D92073BC}"
EndProject
Global
	GlobalSection(SolutionConfigurationPlatforms) = preSolution
		Debug|Any CPU = Debug|Any CPU
		Release|Any CPU = Release|Any CPU
	EndGlobalSection
	GlobalSection(ProjectConfigurationPlatforms) = postSolution
		{EC446838-1D93-436C-9190-4EE5D92073BC}.Debug|Any CPU.ActiveCfg = Debug|Any CPU
		{EC446838-1D93-436C-9190-4EE5D92073BC}.Debug|Any CPU.Build.0 = Debug|Any CPU
		{EC446838-1D93-436C-9190-4EE5D92073BC}.Release|Any CPU.ActiveCfg = Release|Any CPU
		{EC446838-1D93-436C-9190-4EE5D92073BC}.Release|Any CPU.Build.0 = Release|Any CPU
	EndGlobalSection
	GlobalSection(SolutionProperties) = preSolution
		HideSolutionNode = FALSE
	EndGlobalSection
	GlobalSection(ExtensibilityGlobals) = postSolution
		SolutionGuid = {E34CDF05-EEA6-482E-BA2C-51B34F0F8C04}
	EndGlobalSection
EndGlobal
